# This file is autogenerated, do not edit; changes may be undone by the next 'dep ensure'.


[[projects]]
  digest = "1:3af6be4fee7c08f81f13d36f04ffb63ad4b6b5aaba12cce96095c7c2863d4912"
  name = "github.com/gorilla/mux"
  packages = ["."]
  pruneopts = "UT"
  revision = "ed099d42384823742bba0bf9a72b53b55c9e2e38"
  version = "v1.7.2"

[[projects]]
  digest = "1:36cfc0b6facbc68c92a4d55f32eff22b872a899ab75c384ac24a08dd33bc1380"
  name = "github.com/paulmach/go.geojson"
  packages = ["."]
  pruneopts = "UT"
  revision = "a5c451da2d9c67c590ae6be92565b67698286a1a"
  version = "v1.4"

[[projects]]
  branch = "master"
  digest = "1:63987b971c0f3240a0f1eed70b80b360e6a57d7a8c85ed7daa8bf770319ab308"
  name = "github.com/pquerna/ffjson"
  packages = [
    "ffjson",
    "fflib/v1",
    "fflib/v1/internal",
  ]
  pruneopts = "UT"
  revision = "e517b90714f7c0eabe6d2e570a5886ae077d6db6"

[solve-meta]
  analyzer-name = "dep"
  analyzer-version = 1
  input-imports = [
    "github.com/gorilla/mux",
    "github.com/paulmach/go.geojson",
    "github.com/pquerna/ffjson/ffjson",
  ]
  solver-name = "gps-cdcl"
  solver-version = 1
